{
    "name": "citeproc",
    "version": "2.4.49",
    "lockfileVersion": 1,
    "requires": true,
    "dependencies": {
        "@citeproc-rs/wasm": {
            "version": "0.0.0-canary-88f356a",
            "resolved": "https://registry.npmjs.org/@citeproc-rs/wasm/-/wasm-0.0.0-canary-88f356a.tgz",
            "integrity": "sha512-Gf+uiM9AIWrYdaZYfTWcVZJYoqnbjRzVOxF4fdnlf99JZ4zdcNPt8FdecMFAkpLKFASDIp+BS7EETpLPePmDOw=="
        }
    }
}
